// !$*UTF8*$!
{
	archiveVersion = 1;
	classes = {
	};
	objectVersion = 51;
	objects = {

/* Begin PBXBuildFile section */
		0BF3C27C614B68E79BCCCD57 /* Pods_BarFly_Reformat.framework in Frameworks */ = {isa = PBXBuildFile; fileRef = D597B0A76368C04C2BF9830B /* Pods_BarFly_Reformat.framework */; };
		0E5137EF236BCE47008C00AB /* overlay.json in Resources */ = {isa = PBXBuildFile; fileRef = 0E5137EE236BCE47008C00AB /* overlay.json */; };
		0E5137F1236C56E5008C00AB /* BarListVC.swift in Sources */ = {isa = PBXBuildFile; fileRef = 0E5137F0236C56E5008C00AB /* BarListVC.swift */; };
		0E5137F3236C5A68008C00AB /* CustomPointAnnotation.swift in Sources */ = {isa = PBXBuildFile; fileRef = 0E5137F2236C5A68008C00AB /* CustomPointAnnotation.swift */; };
		0E5137F5236C6A19008C00AB /* CustomBarAnnotation.swift in Sources */ = {isa = PBXBuildFile; fileRef = 0E5137F4236C6A19008C00AB /* CustomBarAnnotation.swift */; };
		0EAE5C9C236E0F06005F9710 /* CustomCallout.swift in Sources */ = {isa = PBXBuildFile; fileRef = 0EAE5C9B236E0F06005F9710 /* CustomCallout.swift */; };
		0EAE5C9E236E106C005F9710 /* CustomCallout.xib in Resources */ = {isa = PBXBuildFile; fileRef = 0EAE5C9D236E106C005F9710 /* CustomCallout.xib */; };
		0EC363DB236B230C00116650 /* AppDelegate.swift in Sources */ = {isa = PBXBuildFile; fileRef = 0EC363DA236B230C00116650 /* AppDelegate.swift */; };
		0EC363DD236B230C00116650 /* FirstViewController.swift in Sources */ = {isa = PBXBuildFile; fileRef = 0EC363DC236B230C00116650 /* FirstViewController.swift */; };
		0EC363DF236B230C00116650 /* ProfileVC.swift in Sources */ = {isa = PBXBuildFile; fileRef = 0EC363DE236B230C00116650 /* ProfileVC.swift */; };
		0EC363E2236B230C00116650 /* Main.storyboard in Resources */ = {isa = PBXBuildFile; fileRef = 0EC363E0236B230C00116650 /* Main.storyboard */; };
		0EC363E4236B230D00116650 /* Assets.xcassets in Resources */ = {isa = PBXBuildFile; fileRef = 0EC363E3236B230D00116650 /* Assets.xcassets */; };
		0EC363E7236B230D00116650 /* LaunchScreen.storyboard in Resources */ = {isa = PBXBuildFile; fileRef = 0EC363E5236B230D00116650 /* LaunchScreen.storyboard */; };
		0EC363F1236B2E0400116650 /* GoogleService-Info.plist in Resources */ = {isa = PBXBuildFile; fileRef = 0EC363F0236B2E0400116650 /* GoogleService-Info.plist */; };
		0ECCC40F236E632000D7757D /* BarTapGesture.swift in Sources */ = {isa = PBXBuildFile; fileRef = 0ECCC40E236E632000D7757D /* BarTapGesture.swift */; };
		0EDA8A31236CD525002B0FD4 /* BarDetailsVC.swift in Sources */ = {isa = PBXBuildFile; fileRef = 0EDA8A2F236CD525002B0FD4 /* BarDetailsVC.swift */; };
		6F79A862236E544D005E55A6 /* SocialVC.swift in Sources */ = {isa = PBXBuildFile; fileRef = 6F79A861236E544D005E55A6 /* SocialVC.swift */; };
		6F79A864236E6D74005E55A6 /* SearchVC.swift in Sources */ = {isa = PBXBuildFile; fileRef = 6F79A863236E6D74005E55A6 /* SearchVC.swift */; };
		6F885C28236F83C7000F2FD4 /* NonUserProfileVC.swift in Sources */ = {isa = PBXBuildFile; fileRef = 6F885C27236F83C7000F2FD4 /* NonUserProfileVC.swift */; };
		6FE48D96236B397900487E27 /* User.swift in Sources */ = {isa = PBXBuildFile; fileRef = 6FE48D95236B397900487E27 /* User.swift */; };
		6FE48D98236B3A8700487E27 /* LoginVC.swift in Sources */ = {isa = PBXBuildFile; fileRef = 6FE48D97236B3A8700487E27 /* LoginVC.swift */; };
		6FE48DC3236B55DF00487E27 /* Roboto-BlackItalic.ttf in Resources */ = {isa = PBXBuildFile; fileRef = 6FE48DB7236B55DF00487E27 /* Roboto-BlackItalic.ttf */; };
		6FE48DC4236B55DF00487E27 /* Roboto-Thin.ttf in Resources */ = {isa = PBXBuildFile; fileRef = 6FE48DB8236B55DF00487E27 /* Roboto-Thin.ttf */; };
		6FE48DC5236B55DF00487E27 /* Roboto-Black.ttf in Resources */ = {isa = PBXBuildFile; fileRef = 6FE48DB9236B55DF00487E27 /* Roboto-Black.ttf */; };
		6FE48DC6236B55DF00487E27 /* Roboto-Italic.ttf in Resources */ = {isa = PBXBuildFile; fileRef = 6FE48DBA236B55DF00487E27 /* Roboto-Italic.ttf */; };
		6FE48DC7236B55DF00487E27 /* Roboto-Bold.ttf in Resources */ = {isa = PBXBuildFile; fileRef = 6FE48DBB236B55DF00487E27 /* Roboto-Bold.ttf */; };
		6FE48DC8236B55DF00487E27 /* Roboto-LightItalic.ttf in Resources */ = {isa = PBXBuildFile; fileRef = 6FE48DBC236B55DF00487E27 /* Roboto-LightItalic.ttf */; };
		6FE48DC9236B55DF00487E27 /* Roboto-MediumItalic.ttf in Resources */ = {isa = PBXBuildFile; fileRef = 6FE48DBD236B55DF00487E27 /* Roboto-MediumItalic.ttf */; };
		6FE48DCA236B55DF00487E27 /* Roboto-Regular.ttf in Resources */ = {isa = PBXBuildFile; fileRef = 6FE48DBE236B55DF00487E27 /* Roboto-Regular.ttf */; };
		6FE48DCB236B55DF00487E27 /* Roboto-BoldItalic.ttf in Resources */ = {isa = PBXBuildFile; fileRef = 6FE48DBF236B55DF00487E27 /* Roboto-BoldItalic.ttf */; };
		6FE48DCC236B55DF00487E27 /* Roboto-Light.ttf in Resources */ = {isa = PBXBuildFile; fileRef = 6FE48DC0236B55DF00487E27 /* Roboto-Light.ttf */; };
		6FE48DCD236B55DF00487E27 /* Roboto-Medium.ttf in Resources */ = {isa = PBXBuildFile; fileRef = 6FE48DC1236B55DF00487E27 /* Roboto-Medium.ttf */; };
		6FE48DCE236B55DF00487E27 /* Roboto-ThinItalic.ttf in Resources */ = {isa = PBXBuildFile; fileRef = 6FE48DC2236B55DF00487E27 /* Roboto-ThinItalic.ttf */; };
		6FE48DD0236BBD6800487E27 /* CreateVC.swift in Sources */ = {isa = PBXBuildFile; fileRef = 6FE48DCF236BBD6800487E27 /* CreateVC.swift */; };
		6FE48DD2236C79A000487E27 /* TabBarController.swift in Sources */ = {isa = PBXBuildFile; fileRef = 6FE48DD1236C79A000487E27 /* TabBarController.swift */; };
		6FE48DD4236CCA7600487E27 /* ImagePicker.swift in Sources */ = {isa = PBXBuildFile; fileRef = 6FE48DD3236CCA7600487E27 /* ImagePicker.swift */; };
/* End PBXBuildFile section */

/* Begin PBXFileReference section */
		0E5137EE236BCE47008C00AB /* overlay.json */ = {isa = PBXFileReference; lastKnownFileType = text.json; path = overlay.json; sourceTree = "<group>"; };
		0E5137F0236C56E5008C00AB /* BarListVC.swift */ = {isa = PBXFileReference; lastKnownFileType = sourcecode.swift; path = BarListVC.swift; sourceTree = "<group>"; };
		0E5137F2236C5A68008C00AB /* CustomPointAnnotation.swift */ = {isa = PBXFileReference; lastKnownFileType = sourcecode.swift; path = CustomPointAnnotation.swift; sourceTree = "<group>"; };
		0E5137F4236C6A19008C00AB /* CustomBarAnnotation.swift */ = {isa = PBXFileReference; lastKnownFileType = sourcecode.swift; path = CustomBarAnnotation.swift; sourceTree = "<group>"; };
		0EAE5C9B236E0F06005F9710 /* CustomCallout.swift */ = {isa = PBXFileReference; lastKnownFileType = sourcecode.swift; path = CustomCallout.swift; sourceTree = "<group>"; };
		0EAE5C9D236E106C005F9710 /* CustomCallout.xib */ = {isa = PBXFileReference; lastKnownFileType = file.xib; path = CustomCallout.xib; sourceTree = "<group>"; };
		0EC363D7236B230C00116650 /* BarFly Reformat.app */ = {isa = PBXFileReference; explicitFileType = wrapper.application; includeInIndex = 0; path = "BarFly Reformat.app"; sourceTree = BUILT_PRODUCTS_DIR; };
		0EC363DA236B230C00116650 /* AppDelegate.swift */ = {isa = PBXFileReference; lastKnownFileType = sourcecode.swift; path = AppDelegate.swift; sourceTree = "<group>"; };
		0EC363DC236B230C00116650 /* FirstViewController.swift */ = {isa = PBXFileReference; lastKnownFileType = sourcecode.swift; path = FirstViewController.swift; sourceTree = "<group>"; };
		0EC363DE236B230C00116650 /* ProfileVC.swift */ = {isa = PBXFileReference; lastKnownFileType = sourcecode.swift; path = ProfileVC.swift; sourceTree = "<group>"; };
		0EC363E1236B230C00116650 /* Base */ = {isa = PBXFileReference; lastKnownFileType = file.storyboard; name = Base; path = Base.lproj/Main.storyboard; sourceTree = "<group>"; };
		0EC363E3236B230D00116650 /* Assets.xcassets */ = {isa = PBXFileReference; lastKnownFileType = folder.assetcatalog; path = Assets.xcassets; sourceTree = "<group>"; };
		0EC363E6236B230D00116650 /* Base */ = {isa = PBXFileReference; lastKnownFileType = file.storyboard; name = Base; path = Base.lproj/LaunchScreen.storyboard; sourceTree = "<group>"; };
		0EC363E8236B230D00116650 /* Info.plist */ = {isa = PBXFileReference; lastKnownFileType = text.plist.xml; path = Info.plist; sourceTree = "<group>"; };
		0EC363F0236B2E0400116650 /* GoogleService-Info.plist */ = {isa = PBXFileReference; fileEncoding = 4; lastKnownFileType = text.plist.xml; path = "GoogleService-Info.plist"; sourceTree = "<group>"; };
		0ECCC40E236E632000D7757D /* BarTapGesture.swift */ = {isa = PBXFileReference; lastKnownFileType = sourcecode.swift; path = BarTapGesture.swift; sourceTree = "<group>"; };
		0EDA8A2F236CD525002B0FD4 /* BarDetailsVC.swift */ = {isa = PBXFileReference; lastKnownFileType = sourcecode.swift; path = BarDetailsVC.swift; sourceTree = "<group>"; };
		28C180CCB6C420187B9F0074 /* Pods-BarFly Reformat.release.xcconfig */ = {isa = PBXFileReference; includeInIndex = 1; lastKnownFileType = text.xcconfig; name = "Pods-BarFly Reformat.release.xcconfig"; path = "Target Support Files/Pods-BarFly Reformat/Pods-BarFly Reformat.release.xcconfig"; sourceTree = "<group>"; };
		5A3D1A0593E8D9C65FB0D5DC /* Pods-BarFly Reformat.debug.xcconfig */ = {isa = PBXFileReference; includeInIndex = 1; lastKnownFileType = text.xcconfig; name = "Pods-BarFly Reformat.debug.xcconfig"; path = "Target Support Files/Pods-BarFly Reformat/Pods-BarFly Reformat.debug.xcconfig"; sourceTree = "<group>"; };
		6F79A861236E544D005E55A6 /* SocialVC.swift */ = {isa = PBXFileReference; lastKnownFileType = sourcecode.swift; path = SocialVC.swift; sourceTree = "<group>"; };
		6F79A863236E6D74005E55A6 /* SearchVC.swift */ = {isa = PBXFileReference; lastKnownFileType = sourcecode.swift; path = SearchVC.swift; sourceTree = "<group>"; };
		6F885C27236F83C7000F2FD4 /* NonUserProfileVC.swift */ = {isa = PBXFileReference; lastKnownFileType = sourcecode.swift; path = NonUserProfileVC.swift; sourceTree = "<group>"; };
		6FE48D95236B397900487E27 /* User.swift */ = {isa = PBXFileReference; lastKnownFileType = sourcecode.swift; path = User.swift; sourceTree = "<group>"; };
		6FE48D97236B3A8700487E27 /* LoginVC.swift */ = {isa = PBXFileReference; lastKnownFileType = sourcecode.swift; path = LoginVC.swift; sourceTree = "<group>"; };
		6FE48DB7236B55DF00487E27 /* Roboto-BlackItalic.ttf */ = {isa = PBXFileReference; lastKnownFileType = file; path = "Roboto-BlackItalic.ttf"; sourceTree = "<group>"; };
		6FE48DB8236B55DF00487E27 /* Roboto-Thin.ttf */ = {isa = PBXFileReference; lastKnownFileType = file; path = "Roboto-Thin.ttf"; sourceTree = "<group>"; };
		6FE48DB9236B55DF00487E27 /* Roboto-Black.ttf */ = {isa = PBXFileReference; lastKnownFileType = file; path = "Roboto-Black.ttf"; sourceTree = "<group>"; };
		6FE48DBA236B55DF00487E27 /* Roboto-Italic.ttf */ = {isa = PBXFileReference; lastKnownFileType = file; path = "Roboto-Italic.ttf"; sourceTree = "<group>"; };
		6FE48DBB236B55DF00487E27 /* Roboto-Bold.ttf */ = {isa = PBXFileReference; lastKnownFileType = file; path = "Roboto-Bold.ttf"; sourceTree = "<group>"; };
		6FE48DBC236B55DF00487E27 /* Roboto-LightItalic.ttf */ = {isa = PBXFileReference; lastKnownFileType = file; path = "Roboto-LightItalic.ttf"; sourceTree = "<group>"; };
		6FE48DBD236B55DF00487E27 /* Roboto-MediumItalic.ttf */ = {isa = PBXFileReference; lastKnownFileType = file; path = "Roboto-MediumItalic.ttf"; sourceTree = "<group>"; };
		6FE48DBE236B55DF00487E27 /* Roboto-Regular.ttf */ = {isa = PBXFileReference; lastKnownFileType = file; path = "Roboto-Regular.ttf"; sourceTree = "<group>"; };
		6FE48DBF236B55DF00487E27 /* Roboto-BoldItalic.ttf */ = {isa = PBXFileReference; lastKnownFileType = file; path = "Roboto-BoldItalic.ttf"; sourceTree = "<group>"; };
		6FE48DC0236B55DF00487E27 /* Roboto-Light.ttf */ = {isa = PBXFileReference; lastKnownFileType = file; path = "Roboto-Light.ttf"; sourceTree = "<group>"; };
		6FE48DC1236B55DF00487E27 /* Roboto-Medium.ttf */ = {isa = PBXFileReference; lastKnownFileType = file; path = "Roboto-Medium.ttf"; sourceTree = "<group>"; };
		6FE48DC2236B55DF00487E27 /* Roboto-ThinItalic.ttf */ = {isa = PBXFileReference; lastKnownFileType = file; path = "Roboto-ThinItalic.ttf"; sourceTree = "<group>"; };
		6FE48DCF236BBD6800487E27 /* CreateVC.swift */ = {isa = PBXFileReference; lastKnownFileType = sourcecode.swift; path = CreateVC.swift; sourceTree = "<group>"; };
		6FE48DD1236C79A000487E27 /* TabBarController.swift */ = {isa = PBXFileReference; lastKnownFileType = sourcecode.swift; path = TabBarController.swift; sourceTree = "<group>"; };
		6FE48DD3236CCA7600487E27 /* ImagePicker.swift */ = {isa = PBXFileReference; lastKnownFileType = sourcecode.swift; path = ImagePicker.swift; sourceTree = "<group>"; };
		D597B0A76368C04C2BF9830B /* Pods_BarFly_Reformat.framework */ = {isa = PBXFileReference; explicitFileType = wrapper.framework; includeInIndex = 0; path = Pods_BarFly_Reformat.framework; sourceTree = BUILT_PRODUCTS_DIR; };
/* End PBXFileReference section */

/* Begin PBXFrameworksBuildPhase section */
		0EC363D4236B230C00116650 /* Frameworks */ = {
			isa = PBXFrameworksBuildPhase;
			buildActionMask = 2147483647;
			files = (
				0BF3C27C614B68E79BCCCD57 /* Pods_BarFly_Reformat.framework in Frameworks */,
			);
			runOnlyForDeploymentPostprocessing = 0;
		};
/* End PBXFrameworksBuildPhase section */

/* Begin PBXGroup section */
		0EC363CE236B230C00116650 = {
			isa = PBXGroup;
			children = (
				0EC363D9236B230C00116650 /* BarFly Reformat */,
				0EC363D8236B230C00116650 /* Products */,
				3857993C24ED195637F2110B /* Pods */,
				4869CD84688D54E68A803B1B /* Frameworks */,
			);
			sourceTree = "<group>";
		};
		0EC363D8236B230C00116650 /* Products */ = {
			isa = PBXGroup;
			children = (
				0EC363D7236B230C00116650 /* BarFly Reformat.app */,
			);
			name = Products;
			sourceTree = "<group>";
		};
		0EC363D9236B230C00116650 /* BarFly Reformat */ = {
			isa = PBXGroup;
			children = (
				6FE48D9E236B525A00487E27 /* fonts */,
				0EC363DA236B230C00116650 /* AppDelegate.swift */,
				0EC363DC236B230C00116650 /* FirstViewController.swift */,
				0EDA8A2F236CD525002B0FD4 /* BarDetailsVC.swift */,
				0E5137F4236C6A19008C00AB /* CustomBarAnnotation.swift */,
				0E5137F2236C5A68008C00AB /* CustomPointAnnotation.swift */,
				0EC363DE236B230C00116650 /* ProfileVC.swift */,
				0EC363E0236B230C00116650 /* Main.storyboard */,
				0EAE5C9B236E0F06005F9710 /* CustomCallout.swift */,
				0EAE5C9D236E106C005F9710 /* CustomCallout.xib */,
				0E5137F0236C56E5008C00AB /* BarListVC.swift */,
				0E5137EE236BCE47008C00AB /* overlay.json */,
				0EC363E3236B230D00116650 /* Assets.xcassets */,
				0EC363E5236B230D00116650 /* LaunchScreen.storyboard */,
				0EC363E8236B230D00116650 /* Info.plist */,
				0EC363F0236B2E0400116650 /* GoogleService-Info.plist */,
				6FE48D95236B397900487E27 /* User.swift */,
				6FE48D97236B3A8700487E27 /* LoginVC.swift */,
				6FE48DCF236BBD6800487E27 /* CreateVC.swift */,
				6FE48DD1236C79A000487E27 /* TabBarController.swift */,
				6FE48DD3236CCA7600487E27 /* ImagePicker.swift */,
				6F79A861236E544D005E55A6 /* SocialVC.swift */,
				0ECCC40E236E632000D7757D /* BarTapGesture.swift */,
				6F79A863236E6D74005E55A6 /* SearchVC.swift */,
				6F885C27236F83C7000F2FD4 /* NonUserProfileVC.swift */,
			);
			path = "BarFly Reformat";
			sourceTree = "<group>";
		};
		3857993C24ED195637F2110B /* Pods */ = {
			isa = PBXGroup;
			children = (
				5A3D1A0593E8D9C65FB0D5DC /* Pods-BarFly Reformat.debug.xcconfig */,
				28C180CCB6C420187B9F0074 /* Pods-BarFly Reformat.release.xcconfig */,
			);
			path = Pods;
			sourceTree = "<group>";
		};
		4869CD84688D54E68A803B1B /* Frameworks */ = {
			isa = PBXGroup;
			children = (
				D597B0A76368C04C2BF9830B /* Pods_BarFly_Reformat.framework */,
			);
			name = Frameworks;
			sourceTree = "<group>";
		};
		6FE48D9E236B525A00487E27 /* fonts */ = {
			isa = PBXGroup;
			children = (
				6FE48DB9236B55DF00487E27 /* Roboto-Black.ttf */,
				6FE48DB7236B55DF00487E27 /* Roboto-BlackItalic.ttf */,
				6FE48DBB236B55DF00487E27 /* Roboto-Bold.ttf */,
				6FE48DBF236B55DF00487E27 /* Roboto-BoldItalic.ttf */,
				6FE48DBA236B55DF00487E27 /* Roboto-Italic.ttf */,
				6FE48DC0236B55DF00487E27 /* Roboto-Light.ttf */,
				6FE48DBC236B55DF00487E27 /* Roboto-LightItalic.ttf */,
				6FE48DC1236B55DF00487E27 /* Roboto-Medium.ttf */,
				6FE48DBD236B55DF00487E27 /* Roboto-MediumItalic.ttf */,
				6FE48DBE236B55DF00487E27 /* Roboto-Regular.ttf */,
				6FE48DB8236B55DF00487E27 /* Roboto-Thin.ttf */,
				6FE48DC2236B55DF00487E27 /* Roboto-ThinItalic.ttf */,
			);
			path = fonts;
			sourceTree = "<group>";
		};
/* End PBXGroup section */

/* Begin PBXNativeTarget section */
		0EC363D6236B230C00116650 /* BarFly Reformat */ = {
			isa = PBXNativeTarget;
			buildConfigurationList = 0EC363EB236B230D00116650 /* Build configuration list for PBXNativeTarget "BarFly Reformat" */;
			buildPhases = (
				06E165D1FB963028E5CB0F61 /* [CP] Check Pods Manifest.lock */,
				0EC363D3236B230C00116650 /* Sources */,
				0EC363D4236B230C00116650 /* Frameworks */,
				0EC363D5236B230C00116650 /* Resources */,
				887E7F19BBCD481DA763A1AE /* [CP] Embed Pods Frameworks */,
			);
			buildRules = (
			);
			dependencies = (
			);
			name = "BarFly Reformat";
			productName = "BarFly Reformat";
			productReference = 0EC363D7236B230C00116650 /* BarFly Reformat.app */;
			productType = "com.apple.product-type.application";
		};
/* End PBXNativeTarget section */

/* Begin PBXProject section */
		0EC363CF236B230C00116650 /* Project object */ = {
			isa = PBXProject;
			attributes = {
				LastSwiftUpdateCheck = 1030;
				LastUpgradeCheck = 1030;
				ORGANIZATIONNAME = "LoFi Games";
				TargetAttributes = {
					0EC363D6236B230C00116650 = {
						CreatedOnToolsVersion = 10.3;
					};
				};
			};
			buildConfigurationList = 0EC363D2236B230C00116650 /* Build configuration list for PBXProject "BarFly Reformat" */;
			compatibilityVersion = "Xcode 9.3";
			developmentRegion = en;
			hasScannedForEncodings = 0;
			knownRegions = (
				en,
				Base,
			);
			mainGroup = 0EC363CE236B230C00116650;
			productRefGroup = 0EC363D8236B230C00116650 /* Products */;
			projectDirPath = "";
			projectRoot = "";
			targets = (
				0EC363D6236B230C00116650 /* BarFly Reformat */,
			);
		};
/* End PBXProject section */

/* Begin PBXResourcesBuildPhase section */
		0EC363D5236B230C00116650 /* Resources */ = {
			isa = PBXResourcesBuildPhase;
			buildActionMask = 2147483647;
			files = (
				0EC363E7236B230D00116650 /* LaunchScreen.storyboard in Resources */,
				0EC363E4236B230D00116650 /* Assets.xcassets in Resources */,
				6FE48DC8236B55DF00487E27 /* Roboto-LightItalic.ttf in Resources */,
				6FE48DC4236B55DF00487E27 /* Roboto-Thin.ttf in Resources */,
				6FE48DCC236B55DF00487E27 /* Roboto-Light.ttf in Resources */,
				6FE48DCD236B55DF00487E27 /* Roboto-Medium.ttf in Resources */,
				6FE48DCB236B55DF00487E27 /* Roboto-BoldItalic.ttf in Resources */,
				0E5137EF236BCE47008C00AB /* overlay.json in Resources */,
				6FE48DC3236B55DF00487E27 /* Roboto-BlackItalic.ttf in Resources */,
				6FE48DC5236B55DF00487E27 /* Roboto-Black.ttf in Resources */,
				6FE48DCA236B55DF00487E27 /* Roboto-Regular.ttf in Resources */,
				6FE48DC7236B55DF00487E27 /* Roboto-Bold.ttf in Resources */,
				6FE48DC6236B55DF00487E27 /* Roboto-Italic.ttf in Resources */,
				6FE48DCE236B55DF00487E27 /* Roboto-ThinItalic.ttf in Resources */,
				0EC363E2236B230C00116650 /* Main.storyboard in Resources */,
				0EAE5C9E236E106C005F9710 /* CustomCallout.xib in Resources */,
				6FE48DC9236B55DF00487E27 /* Roboto-MediumItalic.ttf in Resources */,
				0EC363F1236B2E0400116650 /* GoogleService-Info.plist in Resources */,
			);
			runOnlyForDeploymentPostprocessing = 0;
		};
/* End PBXResourcesBuildPhase section */

/* Begin PBXShellScriptBuildPhase section */
		06E165D1FB963028E5CB0F61 /* [CP] Check Pods Manifest.lock */ = {
			isa = PBXShellScriptBuildPhase;
			buildActionMask = 2147483647;
			files = (
			);
			inputFileListPaths = (
			);
			inputPaths = (
				"${PODS_PODFILE_DIR_PATH}/Podfile.lock",
				"${PODS_ROOT}/Manifest.lock",
			);
			name = "[CP] Check Pods Manifest.lock";
			outputFileListPaths = (
			);
			outputPaths = (
				"$(DERIVED_FILE_DIR)/Pods-BarFly Reformat-checkManifestLockResult.txt",
			);
			runOnlyForDeploymentPostprocessing = 0;
			shellPath = /bin/sh;
			shellScript = "diff \"${PODS_PODFILE_DIR_PATH}/Podfile.lock\" \"${PODS_ROOT}/Manifest.lock\" > /dev/null\nif [ $? != 0 ] ; then\n    # print error to STDERR\n    echo \"error: The sandbox is not in sync with the Podfile.lock. Run 'pod install' or update your CocoaPods installation.\" >&2\n    exit 1\nfi\n# This output is used by Xcode 'outputs' to avoid re-running this script phase.\necho \"SUCCESS\" > \"${SCRIPT_OUTPUT_FILE_0}\"\n";
			showEnvVarsInLog = 0;
		};
		887E7F19BBCD481DA763A1AE /* [CP] Embed Pods Frameworks */ = {
			isa = PBXShellScriptBuildPhase;
			buildActionMask = 2147483647;
			files = (
			);
			inputFileListPaths = (
				"${PODS_ROOT}/Target Support Files/Pods-BarFly Reformat/Pods-BarFly Reformat-frameworks-${CONFIGURATION}-input-files.xcfilelist",
			);
			name = "[CP] Embed Pods Frameworks";
			outputFileListPaths = (
				"${PODS_ROOT}/Target Support Files/Pods-BarFly Reformat/Pods-BarFly Reformat-frameworks-${CONFIGURATION}-output-files.xcfilelist",
			);
			runOnlyForDeploymentPostprocessing = 0;
			shellPath = /bin/sh;
			shellScript = "\"${PODS_ROOT}/Target Support Files/Pods-BarFly Reformat/Pods-BarFly Reformat-frameworks.sh\"\n";
			showEnvVarsInLog = 0;
		};
/* End PBXShellScriptBuildPhase section */

/* Begin PBXSourcesBuildPhase section */
		0EC363D3236B230C00116650 /* Sources */ = {
			isa = PBXSourcesBuildPhase;
			buildActionMask = 2147483647;
			files = (
				6F79A862236E544D005E55A6 /* SocialVC.swift in Sources */,
				0E5137F5236C6A19008C00AB /* CustomBarAnnotation.swift in Sources */,
				6FE48D96236B397900487E27 /* User.swift in Sources */,
				0EAE5C9C236E0F06005F9710 /* CustomCallout.swift in Sources */,
				0EC363DF236B230C00116650 /* ProfileVC.swift in Sources */,
				0EDA8A31236CD525002B0FD4 /* BarDetailsVC.swift in Sources */,
				0EC363DB236B230C00116650 /* AppDelegate.swift in Sources */,
				0E5137F1236C56E5008C00AB /* BarListVC.swift in Sources */,
				6F79A864236E6D74005E55A6 /* SearchVC.swift in Sources */,
				0EC363DD236B230C00116650 /* FirstViewController.swift in Sources */,
				6FE48DD2236C79A000487E27 /* TabBarController.swift in Sources */,
				6F885C28236F83C7000F2FD4 /* NonUserProfileVC.swift in Sources */,
				6FE48DD4236CCA7600487E27 /* ImagePicker.swift in Sources */,
				6FE48DD0236BBD6800487E27 /* CreateVC.swift in Sources */,
				0ECCC40F236E632000D7757D /* BarTapGesture.swift in Sources */,
				0E5137F3236C5A68008C00AB /* CustomPointAnnotation.swift in Sources */,
				6FE48D98236B3A8700487E27 /* LoginVC.swift in Sources */,
			);
			runOnlyForDeploymentPostprocessing = 0;
		};
/* End PBXSourcesBuildPhase section */

/* Begin PBXVariantGroup section */
		0EC363E0236B230C00116650 /* Main.storyboard */ = {
			isa = PBXVariantGroup;
			children = (
				0EC363E1236B230C00116650 /* Base */,
			);
			name = Main.storyboard;
			sourceTree = "<group>";
		};
		0EC363E5236B230D00116650 /* LaunchScreen.storyboard */ = {
			isa = PBXVariantGroup;
			children = (
				0EC363E6236B230D00116650 /* Base */,
			);
			name = LaunchScreen.storyboard;
			sourceTree = "<group>";
		};
/* End PBXVariantGroup section */

/* Begin XCBuildConfiguration section */
		0EC363E9236B230D00116650 /* Debug */ = {
			isa = XCBuildConfiguration;
			buildSettings = {
				ALWAYS_SEARCH_USER_PATHS = NO;
				CLANG_ANALYZER_NONNULL = YES;
				CLANG_ANALYZER_NUMBER_OBJECT_CONVERSION = YES_AGGRESSIVE;
				CLANG_CXX_LANGUAGE_STANDARD = "gnu++14";
				CLANG_CXX_LIBRARY = "libc++";
				CLANG_ENABLE_MODULES = YES;
				CLANG_ENABLE_OBJC_ARC = YES;
				CLANG_ENABLE_OBJC_WEAK = YES;
				CLANG_WARN_BLOCK_CAPTURE_AUTORELEASING = YES;
				CLANG_WARN_BOOL_CONVERSION = YES;
				CLANG_WARN_COMMA = YES;
				CLANG_WARN_CONSTANT_CONVERSION = YES;
				CLANG_WARN_DEPRECATED_OBJC_IMPLEMENTATIONS = YES;
				CLANG_WARN_DIRECT_OBJC_ISA_USAGE = YES_ERROR;
				CLANG_WARN_DOCUMENTATION_COMMENTS = YES;
				CLANG_WARN_EMPTY_BODY = YES;
				CLANG_WARN_ENUM_CONVERSION = YES;
				CLANG_WARN_INFINITE_RECURSION = YES;
				CLANG_WARN_INT_CONVERSION = YES;
				CLANG_WARN_NON_LITERAL_NULL_CONVERSION = YES;
				CLANG_WARN_OBJC_IMPLICIT_RETAIN_SELF = YES;
				CLANG_WARN_OBJC_LITERAL_CONVERSION = YES;
				CLANG_WARN_OBJC_ROOT_CLASS = YES_ERROR;
				CLANG_WARN_RANGE_LOOP_ANALYSIS = YES;
				CLANG_WARN_STRICT_PROTOTYPES = YES;
				CLANG_WARN_SUSPICIOUS_MOVE = YES;
				CLANG_WARN_UNGUARDED_AVAILABILITY = YES_AGGRESSIVE;
				CLANG_WARN_UNREACHABLE_CODE = YES;
				CLANG_WARN__DUPLICATE_METHOD_MATCH = YES;
				CODE_SIGN_IDENTITY = "iPhone Developer";
				COPY_PHASE_STRIP = NO;
				DEBUG_INFORMATION_FORMAT = dwarf;
				ENABLE_STRICT_OBJC_MSGSEND = YES;
				ENABLE_TESTABILITY = YES;
				GCC_C_LANGUAGE_STANDARD = gnu11;
				GCC_DYNAMIC_NO_PIC = NO;
				GCC_NO_COMMON_BLOCKS = YES;
				GCC_OPTIMIZATION_LEVEL = 0;
				GCC_PREPROCESSOR_DEFINITIONS = (
					"DEBUG=1",
					"$(inherited)",
				);
				GCC_WARN_64_TO_32_BIT_CONVERSION = YES;
				GCC_WARN_ABOUT_RETURN_TYPE = YES_ERROR;
				GCC_WARN_UNDECLARED_SELECTOR = YES;
				GCC_WARN_UNINITIALIZED_AUTOS = YES_AGGRESSIVE;
				GCC_WARN_UNUSED_FUNCTION = YES;
				GCC_WARN_UNUSED_VARIABLE = YES;
				IPHONEOS_DEPLOYMENT_TARGET = 12.4;
				MTL_ENABLE_DEBUG_INFO = INCLUDE_SOURCE;
				MTL_FAST_MATH = YES;
				ONLY_ACTIVE_ARCH = YES;
				SDKROOT = iphoneos;
				SWIFT_ACTIVE_COMPILATION_CONDITIONS = DEBUG;
				SWIFT_OPTIMIZATION_LEVEL = "-Onone";
			};
			name = Debug;
		};
		0EC363EA236B230D00116650 /* Release */ = {
			isa = XCBuildConfiguration;
			buildSettings = {
				ALWAYS_SEARCH_USER_PATHS = NO;
				CLANG_ANALYZER_NONNULL = YES;
				CLANG_ANALYZER_NUMBER_OBJECT_CONVERSION = YES_AGGRESSIVE;
				CLANG_CXX_LANGUAGE_STANDARD = "gnu++14";
				CLANG_CXX_LIBRARY = "libc++";
				CLANG_ENABLE_MODULES = YES;
				CLANG_ENABLE_OBJC_ARC = YES;
				CLANG_ENABLE_OBJC_WEAK = YES;
				CLANG_WARN_BLOCK_CAPTURE_AUTORELEASING = YES;
				CLANG_WARN_BOOL_CONVERSION = YES;
				CLANG_WARN_COMMA = YES;
				CLANG_WARN_CONSTANT_CONVERSION = YES;
				CLANG_WARN_DEPRECATED_OBJC_IMPLEMENTATIONS = YES;
				CLANG_WARN_DIRECT_OBJC_ISA_USAGE = YES_ERROR;
				CLANG_WARN_DOCUMENTATION_COMMENTS = YES;
				CLANG_WARN_EMPTY_BODY = YES;
				CLANG_WARN_ENUM_CONVERSION = YES;
				CLANG_WARN_INFINITE_RECURSION = YES;
				CLANG_WARN_INT_CONVERSION = YES;
				CLANG_WARN_NON_LITERAL_NULL_CONVERSION = YES;
				CLANG_WARN_OBJC_IMPLICIT_RETAIN_SELF = YES;
				CLANG_WARN_OBJC_LITERAL_CONVERSION = YES;
				CLANG_WARN_OBJC_ROOT_CLASS = YES_ERROR;
				CLANG_WARN_RANGE_LOOP_ANALYSIS = YES;
				CLANG_WARN_STRICT_PROTOTYPES = YES;
				CLANG_WARN_SUSPICIOUS_MOVE = YES;
				CLANG_WARN_UNGUARDED_AVAILABILITY = YES_AGGRESSIVE;
				CLANG_WARN_UNREACHABLE_CODE = YES;
				CLANG_WARN__DUPLICATE_METHOD_MATCH = YES;
				CODE_SIGN_IDENTITY = "iPhone Developer";
				COPY_PHASE_STRIP = NO;
				DEBUG_INFORMATION_FORMAT = "dwarf-with-dsym";
				ENABLE_NS_ASSERTIONS = NO;
				ENABLE_STRICT_OBJC_MSGSEND = YES;
				GCC_C_LANGUAGE_STANDARD = gnu11;
				GCC_NO_COMMON_BLOCKS = YES;
				GCC_WARN_64_TO_32_BIT_CONVERSION = YES;
				GCC_WARN_ABOUT_RETURN_TYPE = YES_ERROR;
				GCC_WARN_UNDECLARED_SELECTOR = YES;
				GCC_WARN_UNINITIALIZED_AUTOS = YES_AGGRESSIVE;
				GCC_WARN_UNUSED_FUNCTION = YES;
				GCC_WARN_UNUSED_VARIABLE = YES;
				IPHONEOS_DEPLOYMENT_TARGET = 12.4;
				MTL_ENABLE_DEBUG_INFO = NO;
				MTL_FAST_MATH = YES;
				SDKROOT = iphoneos;
				SWIFT_COMPILATION_MODE = wholemodule;
				SWIFT_OPTIMIZATION_LEVEL = "-O";
				VALIDATE_PRODUCT = YES;
			};
			name = Release;
		};
		0EC363EC236B230D00116650 /* Debug */ = {
			isa = XCBuildConfiguration;
			baseConfigurationReference = 5A3D1A0593E8D9C65FB0D5DC /* Pods-BarFly Reformat.debug.xcconfig */;
			buildSettings = {
				ASSETCATALOG_COMPILER_APPICON_NAME = AppIcon;
				CODE_SIGN_IDENTITY = "Apple Development";
				CODE_SIGN_STYLE = Automatic;
				DEVELOPMENT_TEAM = YKBU84V37T;
				INFOPLIST_FILE = "BarFly Reformat/Info.plist";
				LD_RUNPATH_SEARCH_PATHS = (
					"$(inherited)",
					"@executable_path/Frameworks",
				);
				PRODUCT_BUNDLE_IDENTIFIER = "com.LoFi.BarFly-Reformat";
				PRODUCT_NAME = "$(TARGET_NAME)";
				PROVISIONING_PROFILE_SPECIFIER = "";
				SWIFT_VERSION = 5.0;
				TARGETED_DEVICE_FAMILY = "1,2";
			};
			name = Debug;
		};
		0EC363ED236B230D00116650 /* Release */ = {
			isa = XCBuildConfiguration;
			baseConfigurationReference = 28C180CCB6C420187B9F0074 /* Pods-BarFly Reformat.release.xcconfig */;
			buildSettings = {
				ASSETCATALOG_COMPILER_APPICON_NAME = AppIcon;
				CODE_SIGN_IDENTITY = "Apple Development";
				CODE_SIGN_STYLE = Automatic;
				DEVELOPMENT_TEAM = YKBU84V37T;
				INFOPLIST_FILE = "BarFly Reformat/Info.plist";
				LD_RUNPATH_SEARCH_PATHS = (
					"$(inherited)",
					"@executable_path/Frameworks",
				);
				PRODUCT_BUNDLE_IDENTIFIER = "com.LoFi.BarFly-Reformat";
				PRODUCT_NAME = "$(TARGET_NAME)";
				PROVISIONING_PROFILE_SPECIFIER = "";
				SWIFT_VERSION = 5.0;
				TARGETED_DEVICE_FAMILY = "1,2";
			};
			name = Release;
		};
/* End XCBuildConfiguration section */

/* Begin XCConfigurationList section */
		0EC363D2236B230C00116650 /* Build configuration list for PBXProject "BarFly Reformat" */ = {
			isa = XCConfigurationList;
			buildConfigurations = (
				0EC363E9236B230D00116650 /* Debug */,
				0EC363EA236B230D00116650 /* Release */,
			);
			defaultConfigurationIsVisible = 0;
			defaultConfigurationName = Release;
		};
		0EC363EB236B230D00116650 /* Build configuration list for PBXNativeTarget "BarFly Reformat" */ = {
			isa = XCConfigurationList;
			buildConfigurations = (
				0EC363EC236B230D00116650 /* Debug */,
				0EC363ED236B230D00116650 /* Release */,
			);
			defaultConfigurationIsVisible = 0;
			defaultConfigurationName = Release;
		};
/* End XCConfigurationList section */
	};
	rootObject = 0EC363CF236B230C00116650 /* Project object */;
}
